{
    "_readme": [
        "This file locks the dependencies of your project to a known state",
        "Read more about it at https://getcomposer.org/doc/01-basic-usage.md#installing-dependencies",
        "This file is @generated automatically"
    ],
    "content-hash": "de406945c1dcd6fd86b2754f1890e6e2",
    "packages": [
        {
            "name": "itwri/database",
            "version": "dev-master",
            "source": {
                "type": "git",
                "url": "https://github.com/itwrite/database.git",
                "reference": "abeb732676411df89c900018197438e06001dd50"
            },
            "dist": {
                "type": "zip",
                "url": "https://api.github.com/repos/itwrite/database/zipball/abeb732676411df89c900018197438e06001dd50",
                "reference": "abeb732676411df89c900018197438e06001dd50",
                "shasum": "",
                "mirrors": [
                    {
                        "url": "https://mirrors.aliyun.com/composer/dists/%package%/%reference%.%type%",
                        "preferred": true
                    }
                ]
            },
            "require": {
                "ext-pdo": "*",
                "php": "^7.0"
            },
            "require-dev": {
                "phpunit/phpunit": "7.5.8"
            },
            "default-branch": true,
            "type": "library",
            "autoload": {
                "psr-4": {
                    "Jasmine\\Database\\": "src/"
                },
                "exclude-from-classmap": [
                    "/tests/"
                ]
            },
            "notification-url": "https://packagist.org/downloads/",
            "license": [
                "MIT"
            ],
            "authors": [
                {
                    "name": "itwrite",
                    "email": "990881086@qq.com"
                }
            ],
            "description": "db class",
            "support": {
                "issues": "https://github.com/itwrite/database/issues",
                "source": "https://github.com/itwrite/database/tree/master"
            },
            "time": "2021-10-28T06:35:20+00:00"
        },
        {
            "name": "itwri/poker",
            "version": "dev-master",
            "source": {
                "type": "git",
                "url": "https://github.com/itwrite/poker.git",
                "reference": "95ef9d20e5918aad18fe0a7737a4d27ced31c516"
            },
            "dist": {
                "type": "zip",
                "url": "https://api.github.com/repos/itwrite/poker/zipball/95ef9d20e5918aad18fe0a7737a4d27ced31c516",
                "reference": "95ef9d20e5918aad18fe0a7737a4d27ced31c516",
                "shasum": "",
                "mirrors": [
                    {
                        "url": "https://mirrors.aliyun.com/composer/dists/%package%/%reference%.%type%",
                        "preferred": true
                    }
                ]
            },
            "require": {
                "php": "^7.0"
            },
            "require-dev": {
                "phpunit/phpunit": "7.5.8"
            },
            "default-branch": true,
            "type": "library",
            "autoload": {
                "psr-4": {
                    "Jasmine\\Poker\\": "src/"
                },
                "exclude-from-classmap": [
                    "/tests/"
                ]
            },
            "notification-url": "https://packagist.org/downloads/",
            "authors": [
                {
                    "name": "itwrite",
                    "email": "990881086@qq.com"
                }
            ],
            "support": {
                "issues": "https://github.com/itwrite/poker/issues",
                "source": "https://github.com/itwrite/poker/tree/master"
            },
            "time": "2021-01-26T08:52:06+00:00"
        }
    ],
    "packages-dev": [],
    "aliases": [],
    "minimum-stability": "stable",
    "stability-flags": {
        "itwri/poker": 20,
        "itwri/database": 20
    },
    "prefer-stable": false,
    "prefer-lowest": false,
    "platform": {
        "php": "^7.0"
    },
    "platform-dev": [],
    "plugin-api-version": "2.1.0"
}
